// !$*UTF8*$!
{
	archiveVersion = 1;
	classes = {
	};
	objectVersion = 46;
	objects = {

/* Begin PBXBuildFile section */
		0A037E551BC14B0B009A1DBB /* admin@2x.png in Resources */ = {isa = PBXBuildFile; fileRef = 0A037E541BC14B0B009A1DBB /* admin@2x.png */; settings = {ASSET_TAGS = (); }; };
		0A037E581BC14F78009A1DBB /* AdministrationLogInViewController.m in Sources */ = {isa = PBXBuildFile; fileRef = 0A037E571BC14F78009A1DBB /* AdministrationLogInViewController.m */; settings = {ASSET_TAGS = (); }; };
		0A037E5B1BC1543E009A1DBB /* AdministrationMainTableViewController.m in Sources */ = {isa = PBXBuildFile; fileRef = 0A037E5A1BC1543E009A1DBB /* AdministrationMainTableViewController.m */; settings = {ASSET_TAGS = (); }; };
		0A0A496C1B7E75A500304629 /* StaffDirectoryBaseTableViewController.m in Sources */ = {isa = PBXBuildFile; fileRef = 0A0A496B1B7E75A500304629 /* StaffDirectoryBaseTableViewController.m */; };
		0A0A496F1B7E76A100304629 /* StaffDirectoryMainTableViewController.m in Sources */ = {isa = PBXBuildFile; fileRef = 0A0A496E1B7E76A100304629 /* StaffDirectoryMainTableViewController.m */; };
		0A0A49721B7E776500304629 /* StaffDirectoryResultsTableViewController.m in Sources */ = {isa = PBXBuildFile; fileRef = 0A0A49711B7E776500304629 /* StaffDirectoryResultsTableViewController.m */; };
		0A0A49751B7EA02300304629 /* StaffDirectoryDetailViewController.m in Sources */ = {isa = PBXBuildFile; fileRef = 0A0A49741B7EA02300304629 /* StaffDirectoryDetailViewController.m */; };
		0A0A49771B7EAE2B00304629 /* home@2x.png in Resources */ = {isa = PBXBuildFile; fileRef = 0A0A49761B7EAE2B00304629 /* home@2x.png */; };
		0A0A49791B7EAE4900304629 /* sections@2x.png in Resources */ = {isa = PBXBuildFile; fileRef = 0A0A49781B7EAE4900304629 /* sections@2x.png */; };
		0A0A497B1B7EAE7100304629 /* about@2x.png in Resources */ = {isa = PBXBuildFile; fileRef = 0A0A497A1B7EAE7100304629 /* about@2x.png */; };
		0A0A497E1B7EFEC800304629 /* ApplicationManager.m in Sources */ = {isa = PBXBuildFile; fileRef = 0A0A497D1B7EFEC800304629 /* ApplicationManager.m */; };
		0A1FE3DB1B7B7DA80062A30E /* main.m in Sources */ = {isa = PBXBuildFile; fileRef = 0A1FE3DA1B7B7DA80062A30E /* main.m */; };
		0A1FE3E11B7B7DA80062A30E /* FirstViewController.m in Sources */ = {isa = PBXBuildFile; fileRef = 0A1FE3E01B7B7DA80062A30E /* FirstViewController.m */; };
		0A1FE3E41B7B7DA80062A30E /* SecondViewController.m in Sources */ = {isa = PBXBuildFile; fileRef = 0A1FE3E31B7B7DA80062A30E /* SecondViewController.m */; };
		0A1FE3E71B7B7DA80062A30E /* Main.storyboard in Resources */ = {isa = PBXBuildFile; fileRef = 0A1FE3E51B7B7DA80062A30E /* Main.storyboard */; };
		0A1FE3EC1B7B7DA80062A30E /* LaunchScreen.xib in Resources */ = {isa = PBXBuildFile; fileRef = 0A1FE3EA1B7B7DA80062A30E /* LaunchScreen.xib */; };
		0A1FE3F81B7B7DA80062A30E /* WildcatConnectGITTestTests.m in Sources */ = {isa = PBXBuildFile; fileRef = 0A1FE3F71B7B7DA80062A30E /* WildcatConnectGITTestTests.m */; };
		0A49BD0F1BC6DB7000E84E4C /* AlertStructure.m in Sources */ = {isa = PBXBuildFile; fileRef = 0A49BD0E1BC6DB7000E84E4C /* AlertStructure.m */; settings = {ASSET_TAGS = (); }; };
		0A49BD121BC6DCBE00E84E4C /* AlertsTableViewController.m in Sources */ = {isa = PBXBuildFile; fileRef = 0A49BD111BC6DCBE00E84E4C /* AlertsTableViewController.m */; settings = {ASSET_TAGS = (); }; };
		0A4A37E91B7B90D100AF3E36 /* SectionsTableViewController.m in Sources */ = {isa = PBXBuildFile; fileRef = 0A4A37E81B7B90D100AF3E36 /* SectionsTableViewController.m */; };
		0A4A37F21B7BA34600AF3E36 /* StudentCenterViewController.m in Sources */ = {isa = PBXBuildFile; fileRef = 0A4A37F11B7BA34600AF3E36 /* StudentCenterViewController.m */; };
		0A4A37F51B7BA41100AF3E36 /* CalendarViewController.m in Sources */ = {isa = PBXBuildFile; fileRef = 0A4A37F41B7BA41100AF3E36 /* CalendarViewController.m */; };
		0A4A37F81B7BA41A00AF3E36 /* LunchMenusViewController.m in Sources */ = {isa = PBXBuildFile; fileRef = 0A4A37F71B7BA41A00AF3E36 /* LunchMenusViewController.m */; };
		0A4A37FE1B7BA43900AF3E36 /* Staff DirectoryTableViewController.m in Sources */ = {isa = PBXBuildFile; fileRef = 0A4A37FD1B7BA43900AF3E36 /* Staff DirectoryTableViewController.m */; };
		0A4A380C1B7BCAF100AF3E36 /* NewsCenterTableViewController.m in Sources */ = {isa = PBXBuildFile; fileRef = 0A4A380B1B7BCAF100AF3E36 /* NewsCenterTableViewController.m */; };
		0A61185C1BA5ABDD00D632A6 /* UsefulLinksTableViewController.m in Sources */ = {isa = PBXBuildFile; fileRef = 0A61185B1BA5ABDD00D632A6 /* UsefulLinksTableViewController.m */; };
		0A6118621BA5B1A100D632A6 /* UsefulLinkArray.m in Sources */ = {isa = PBXBuildFile; fileRef = 0A6118611BA5B1A100D632A6 /* UsefulLinkArray.m */; };
		0A7401411BC2E17A00461CC6 /* unread@2x.png in Resources */ = {isa = PBXBuildFile; fileRef = 0A7401401BC2E17A00461CC6 /* unread@2x.png */; settings = {ASSET_TAGS = (); }; };
		0AB797C21B7DBDBA00113D94 /* Images.xcassets in Resources */ = {isa = PBXBuildFile; fileRef = 0A1FE3E81B7B7DA80062A30E /* Images.xcassets */; };
		0AB797C41B7DBF0B00113D94 /* theNews@2x.png in Resources */ = {isa = PBXBuildFile; fileRef = 0AB797C31B7DBF0B00113D94 /* theNews@2x.png */; };
		0AB797C61B7DC08400113D94 /* extracurriculars@2x.png in Resources */ = {isa = PBXBuildFile; fileRef = 0AB797C51B7DC08400113D94 /* extracurriculars@2x.png */; };
		0AB797C81B7DC1D100113D94 /* communityService@2x.png in Resources */ = {isa = PBXBuildFile; fileRef = 0AB797C71B7DC1D100113D94 /* communityService@2x.png */; };
		0AB797CA1B7DC27200113D94 /* studentCenter@2x.png in Resources */ = {isa = PBXBuildFile; fileRef = 0AB797C91B7DC27200113D94 /* studentCenter@2x.png */; };
		0AB797CC1B7DC29900113D94 /* calendar@2x.png in Resources */ = {isa = PBXBuildFile; fileRef = 0AB797CB1B7DC29900113D94 /* calendar@2x.png */; };
		0AB797CE1B7DC2E300113D94 /* lunchMenus@2x.png in Resources */ = {isa = PBXBuildFile; fileRef = 0AB797CD1B7DC2E300113D94 /* lunchMenus@2x.png */; };
		0AB797D01B7DC35100113D94 /* usefulLinks@2x.png in Resources */ = {isa = PBXBuildFile; fileRef = 0AB797CF1B7DC35100113D94 /* usefulLinks@2x.png */; };
		0AB797D21B7DC38900113D94 /* staffDirectory@2x.png in Resources */ = {isa = PBXBuildFile; fileRef = 0AB797D11B7DC38900113D94 /* staffDirectory@2x.png */; };
		0AB797D51B7DC74400113D94 /* StaffMemberStructure.m in Sources */ = {isa = PBXBuildFile; fileRef = 0AB797D41B7DC74400113D94 /* StaffMemberStructure.m */; };
		0ACF72D81BA69BC200006C29 /* email@2x.png in Resources */ = {isa = PBXBuildFile; fileRef = 0ACF72D71BA69BC200006C29 /* email@2x.png */; };
		0ACF72DB1BA69E2C00006C29 /* EmailButton.m in Sources */ = {isa = PBXBuildFile; fileRef = 0ACF72DA1BA69E2C00006C29 /* EmailButton.m */; };
		0AD4B0BE1B81F7F1004E23E4 /* AppDelegate.m in Sources */ = {isa = PBXBuildFile; fileRef = 0AD4B0BD1B81F7F1004E23E4 /* AppDelegate.m */; };
		0AD4B0C11B81FA3C004E23E4 /* ExtracurricularStructure.m in Sources */ = {isa = PBXBuildFile; fileRef = 0AD4B0C01B81FA3C004E23E4 /* ExtracurricularStructure.m */; };
		0AD4B0C71B81FCA3004E23E4 /* ExtracurricularsTableViewController.m in Sources */ = {isa = PBXBuildFile; fileRef = 0AD4B0C61B81FCA3004E23E4 /* ExtracurricularsTableViewController.m */; };
		0AD4B0CA1B820252004E23E4 /* ExtracurricularUpdateStructure.m in Sources */ = {isa = PBXBuildFile; fileRef = 0AD4B0C91B820252004E23E4 /* ExtracurricularUpdateStructure.m */; };
		0AE74A2B1B7D7A2C0083EFF1 /* SplashScreenViewController.m in Sources */ = {isa = PBXBuildFile; fileRef = 0AE74A2A1B7D7A2C0083EFF1 /* SplashScreenViewController.m */; };
		0AE74A2E1B7D84180083EFF1 /* MainTabBarController.m in Sources */ = {isa = PBXBuildFile; fileRef = 0AE74A2D1B7D84180083EFF1 /* MainTabBarController.m */; };
		0AF4BC4A1B7D14D3001149A5 /* Bolts.framework in Frameworks */ = {isa = PBXBuildFile; fileRef = 0AF4BC481B7D14D3001149A5 /* Bolts.framework */; };
		0AF4BC4B1B7D14D3001149A5 /* Parse.framework in Frameworks */ = {isa = PBXBuildFile; fileRef = 0AF4BC491B7D14D3001149A5 /* Parse.framework */; };
		0AF4BC4D1B7D14E6001149A5 /* AudioToolbox.framework in Frameworks */ = {isa = PBXBuildFile; fileRef = 0AF4BC4C1B7D14E6001149A5 /* AudioToolbox.framework */; };
		0AF4BC4F1B7D14EB001149A5 /* CFNetwork.framework in Frameworks */ = {isa = PBXBuildFile; fileRef = 0AF4BC4E1B7D14EB001149A5 /* CFNetwork.framework */; };
		0AF4BC511B7D14F7001149A5 /* CoreGraphics.framework in Frameworks */ = {isa = PBXBuildFile; fileRef = 0AF4BC501B7D14F7001149A5 /* CoreGraphics.framework */; };
		0AF4BC531B7D14FC001149A5 /* CoreLocation.framework in Frameworks */ = {isa = PBXBuildFile; fileRef = 0AF4BC521B7D14FC001149A5 /* CoreLocation.framework */; };
		0AF4BC551B7D1503001149A5 /* QuartzCore.framework in Frameworks */ = {isa = PBXBuildFile; fileRef = 0AF4BC541B7D1503001149A5 /* QuartzCore.framework */; };
		0AF4BC571B7D1509001149A5 /* Security.framework in Frameworks */ = {isa = PBXBuildFile; fileRef = 0AF4BC561B7D1509001149A5 /* Security.framework */; };
		0AF4BC591B7D150E001149A5 /* StoreKit.framework in Frameworks */ = {isa = PBXBuildFile; fileRef = 0AF4BC581B7D150E001149A5 /* StoreKit.framework */; };
		0AF4BC5B1B7D1514001149A5 /* SystemConfiguration.framework in Frameworks */ = {isa = PBXBuildFile; fileRef = 0AF4BC5A1B7D1514001149A5 /* SystemConfiguration.framework */; };
		0AF4BC5D1B7D151A001149A5 /* libz.dylib in Frameworks */ = {isa = PBXBuildFile; fileRef = 0AF4BC5C1B7D151A001149A5 /* libz.dylib */; };
		0AF4BC5F1B7D1520001149A5 /* libsqlite3.dylib in Frameworks */ = {isa = PBXBuildFile; fileRef = 0AF4BC5E1B7D1520001149A5 /* libsqlite3.dylib */; };
		0AF4BC611B7D1536001149A5 /* libz.1.1.3.dylib in Frameworks */ = {isa = PBXBuildFile; fileRef = 0AF4BC601B7D1536001149A5 /* libz.1.1.3.dylib */; };
		0AF4BC641B7D1610001149A5 /* TestStructure.m in Sources */ = {isa = PBXBuildFile; fileRef = 0AF4BC631B7D1610001149A5 /* TestStructure.m */; };
		0AF4BC671B7D1BA2001149A5 /* AppManager.m in Sources */ = {isa = PBXBuildFile; fileRef = 0AF4BC661B7D1BA2001149A5 /* AppManager.m */; };
		0AF4BC6A1B7D278B001149A5 /* NewsArticleStructure.m in Sources */ = {isa = PBXBuildFile; fileRef = 0AF4BC691B7D278B001149A5 /* NewsArticleStructure.m */; };
		F75C21971B7B99D00052BC87 /* AboutViewController.m in Sources */ = {isa = PBXBuildFile; fileRef = F75C21961B7B99D00052BC87 /* AboutViewController.m */; };
		F768D0611B8208980064E296 /* CommunityServiceStructure.m in Sources */ = {isa = PBXBuildFile; fileRef = F768D0601B8208980064E296 /* CommunityServiceStructure.m */; };
		F768D0641B821A000064E296 /* CommunityServiceTableViewController.m in Sources */ = {isa = PBXBuildFile; fileRef = F768D0631B821A000064E296 /* CommunityServiceTableViewController.m */; };
		F768D0821B85381B0064E296 /* LunchMenusStructure.m in Sources */ = {isa = PBXBuildFile; fileRef = F768D0811B85381B0064E296 /* LunchMenusStructure.m */; };
		F768D0861B854D4B0064E296 /* wildcat.jpeg in Resources */ = {isa = PBXBuildFile; fileRef = F768D0851B854D4B0064E296 /* wildcat.jpeg */; };
		F7956CB21BA5CAA70091EB5A /* NewsArticleDetailViewController.m in Sources */ = {isa = PBXBuildFile; fileRef = F7956CB11BA5CAA70091EB5A /* NewsArticleDetailViewController.m */; };
/* End PBXBuildFile section */

/* Begin PBXContainerItemProxy section */
		0A1FE3F21B7B7DA80062A30E /* PBXContainerItemProxy */ = {
			isa = PBXContainerItemProxy;
			containerPortal = 0A1FE3CD1B7B7DA80062A30E /* Project object */;
			proxyType = 1;
			remoteGlobalIDString = 0A1FE3D41B7B7DA80062A30E;
			remoteInfo = WildcatConnectGITTest;
		};
/* End PBXContainerItemProxy section */

/* Begin PBXFileReference section */
		0A037E541BC14B0B009A1DBB /* admin@2x.png */ = {isa = PBXFileReference; lastKnownFileType = image.png; path = "admin@2x.png"; sourceTree = "<group>"; };
		0A037E561BC14F78009A1DBB /* AdministrationLogInViewController.h */ = {isa = PBXFileReference; fileEncoding = 4; lastKnownFileType = sourcecode.c.h; path = AdministrationLogInViewController.h; sourceTree = "<group>"; };
		0A037E571BC14F78009A1DBB /* AdministrationLogInViewController.m */ = {isa = PBXFileReference; fileEncoding = 4; lastKnownFileType = sourcecode.c.objc; path = AdministrationLogInViewController.m; sourceTree = "<group>"; };
		0A037E591BC1543E009A1DBB /* AdministrationMainTableViewController.h */ = {isa = PBXFileReference; fileEncoding = 4; lastKnownFileType = sourcecode.c.h; path = AdministrationMainTableViewController.h; sourceTree = "<group>"; };
		0A037E5A1BC1543E009A1DBB /* AdministrationMainTableViewController.m */ = {isa = PBXFileReference; fileEncoding = 4; lastKnownFileType = sourcecode.c.objc; path = AdministrationMainTableViewController.m; sourceTree = "<group>"; };
		0A0A496A1B7E75A500304629 /* StaffDirectoryBaseTableViewController.h */ = {isa = PBXFileReference; fileEncoding = 4; lastKnownFileType = sourcecode.c.h; path = StaffDirectoryBaseTableViewController.h; sourceTree = "<group>"; };
		0A0A496B1B7E75A500304629 /* StaffDirectoryBaseTableViewController.m */ = {isa = PBXFileReference; fileEncoding = 4; lastKnownFileType = sourcecode.c.objc; path = StaffDirectoryBaseTableViewController.m; sourceTree = "<group>"; };
		0A0A496D1B7E76A100304629 /* StaffDirectoryMainTableViewController.h */ = {isa = PBXFileReference; fileEncoding = 4; lastKnownFileType = sourcecode.c.h; path = StaffDirectoryMainTableViewController.h; sourceTree = "<group>"; };
		0A0A496E1B7E76A100304629 /* StaffDirectoryMainTableViewController.m */ = {isa = PBXFileReference; fileEncoding = 4; lastKnownFileType = sourcecode.c.objc; path = StaffDirectoryMainTableViewController.m; sourceTree = "<group>"; };
		0A0A49701B7E776500304629 /* StaffDirectoryResultsTableViewController.h */ = {isa = PBXFileReference; fileEncoding = 4; lastKnownFileType = sourcecode.c.h; path = StaffDirectoryResultsTableViewController.h; sourceTree = "<group>"; };
		0A0A49711B7E776500304629 /* StaffDirectoryResultsTableViewController.m */ = {isa = PBXFileReference; fileEncoding = 4; lastKnownFileType = sourcecode.c.objc; path = StaffDirectoryResultsTableViewController.m; sourceTree = "<group>"; };
		0A0A49731B7EA02300304629 /* StaffDirectoryDetailViewController.h */ = {isa = PBXFileReference; fileEncoding = 4; lastKnownFileType = sourcecode.c.h; path = StaffDirectoryDetailViewController.h; sourceTree = "<group>"; };
		0A0A49741B7EA02300304629 /* StaffDirectoryDetailViewController.m */ = {isa = PBXFileReference; fileEncoding = 4; lastKnownFileType = sourcecode.c.objc; path = StaffDirectoryDetailViewController.m; sourceTree = "<group>"; };
		0A0A49761B7EAE2B00304629 /* home@2x.png */ = {isa = PBXFileReference; lastKnownFileType = image.png; path = "home@2x.png"; sourceTree = "<group>"; };
		0A0A49781B7EAE4900304629 /* sections@2x.png */ = {isa = PBXFileReference; lastKnownFileType = image.png; path = "sections@2x.png"; sourceTree = "<group>"; };
		0A0A497A1B7EAE7100304629 /* about@2x.png */ = {isa = PBXFileReference; lastKnownFileType = image.png; path = "about@2x.png"; sourceTree = "<group>"; };
		0A0A497C1B7EFEC800304629 /* ApplicationManager.h */ = {isa = PBXFileReference; fileEncoding = 4; lastKnownFileType = sourcecode.c.h; path = ApplicationManager.h; sourceTree = "<group>"; };
		0A0A497D1B7EFEC800304629 /* ApplicationManager.m */ = {isa = PBXFileReference; fileEncoding = 4; lastKnownFileType = sourcecode.c.objc; path = ApplicationManager.m; sourceTree = "<group>"; };
		0A1FE3D51B7B7DA80062A30E /* WildcatConnectGITTest.app */ = {isa = PBXFileReference; explicitFileType = wrapper.application; includeInIndex = 0; path = WildcatConnectGITTest.app; sourceTree = BUILT_PRODUCTS_DIR; };
		0A1FE3D91B7B7DA80062A30E /* Info.plist */ = {isa = PBXFileReference; lastKnownFileType = text.plist.xml; path = Info.plist; sourceTree = "<group>"; };
		0A1FE3DA1B7B7DA80062A30E /* main.m */ = {isa = PBXFileReference; lastKnownFileType = sourcecode.c.objc; path = main.m; sourceTree = "<group>"; };
		0A1FE3DC1B7B7DA80062A30E /* AppDelegate.h */ = {isa = PBXFileReference; lastKnownFileType = sourcecode.c.h; path = AppDelegate.h; sourceTree = "<group>"; };
		0A1FE3DF1B7B7DA80062A30E /* FirstViewController.h */ = {isa = PBXFileReference; lastKnownFileType = sourcecode.c.h; path = FirstViewController.h; sourceTree = "<group>"; };
		0A1FE3E01B7B7DA80062A30E /* FirstViewController.m */ = {isa = PBXFileReference; lastKnownFileType = sourcecode.c.objc; path = FirstViewController.m; sourceTree = "<group>"; };
		0A1FE3E21B7B7DA80062A30E /* SecondViewController.h */ = {isa = PBXFileReference; lastKnownFileType = sourcecode.c.h; path = SecondViewController.h; sourceTree = "<group>"; };
		0A1FE3E31B7B7DA80062A30E /* SecondViewController.m */ = {isa = PBXFileReference; lastKnownFileType = sourcecode.c.objc; path = SecondViewController.m; sourceTree = "<group>"; };
		0A1FE3E61B7B7DA80062A30E /* Base */ = {isa = PBXFileReference; lastKnownFileType = file.storyboard; name = Base; path = Base.lproj/Main.storyboard; sourceTree = "<group>"; };
		0A1FE3E81B7B7DA80062A30E /* Images.xcassets */ = {isa = PBXFileReference; lastKnownFileType = folder.assetcatalog; path = Images.xcassets; sourceTree = "<group>"; };
		0A1FE3EB1B7B7DA80062A30E /* Base */ = {isa = PBXFileReference; lastKnownFileType = file.xib; name = Base; path = Base.lproj/LaunchScreen.xib; sourceTree = "<group>"; };
		0A1FE3F11B7B7DA80062A30E /* WildcatConnectGITTestTests.xctest */ = {isa = PBXFileReference; explicitFileType = wrapper.cfbundle; includeInIndex = 0; path = WildcatConnectGITTestTests.xctest; sourceTree = BUILT_PRODUCTS_DIR; };
		0A1FE3F61B7B7DA80062A30E /* Info.plist */ = {isa = PBXFileReference; lastKnownFileType = text.plist.xml; path = Info.plist; sourceTree = "<group>"; };
		0A1FE3F71B7B7DA80062A30E /* WildcatConnectGITTestTests.m */ = {isa = PBXFileReference; lastKnownFileType = sourcecode.c.objc; path = WildcatConnectGITTestTests.m; sourceTree = "<group>"; };
		0A49BD0D1BC6DB7000E84E4C /* AlertStructure.h */ = {isa = PBXFileReference; fileEncoding = 4; lastKnownFileType = sourcecode.c.h; path = AlertStructure.h; sourceTree = "<group>"; };
		0A49BD0E1BC6DB7000E84E4C /* AlertStructure.m */ = {isa = PBXFileReference; fileEncoding = 4; lastKnownFileType = sourcecode.c.objc; path = AlertStructure.m; sourceTree = "<group>"; };
		0A49BD101BC6DCBE00E84E4C /* AlertsTableViewController.h */ = {isa = PBXFileReference; fileEncoding = 4; lastKnownFileType = sourcecode.c.h; name = AlertsTableViewController.h; path = ../AlertsTableViewController.h; sourceTree = "<group>"; };
		0A49BD111BC6DCBE00E84E4C /* AlertsTableViewController.m */ = {isa = PBXFileReference; fileEncoding = 4; lastKnownFileType = sourcecode.c.objc; name = AlertsTableViewController.m; path = ../AlertsTableViewController.m; sourceTree = "<group>"; };
		0A4A37E71B7B90D100AF3E36 /* SectionsTableViewController.h */ = {isa = PBXFileReference; fileEncoding = 4; lastKnownFileType = sourcecode.c.h; path = SectionsTableViewController.h; sourceTree = "<group>"; };
		0A4A37E81B7B90D100AF3E36 /* SectionsTableViewController.m */ = {isa = PBXFileReference; fileEncoding = 4; lastKnownFileType = sourcecode.c.objc; path = SectionsTableViewController.m; sourceTree = "<group>"; };
		0A4A37F01B7BA34600AF3E36 /* StudentCenterViewController.h */ = {isa = PBXFileReference; fileEncoding = 4; lastKnownFileType = sourcecode.c.h; path = StudentCenterViewController.h; sourceTree = "<group>"; };
		0A4A37F11B7BA34600AF3E36 /* StudentCenterViewController.m */ = {isa = PBXFileReference; fileEncoding = 4; lastKnownFileType = sourcecode.c.objc; path = StudentCenterViewController.m; sourceTree = "<group>"; };
		0A4A37F31B7BA41100AF3E36 /* CalendarViewController.h */ = {isa = PBXFileReference; fileEncoding = 4; lastKnownFileType = sourcecode.c.h; path = CalendarViewController.h; sourceTree = "<group>"; };
		0A4A37F41B7BA41100AF3E36 /* CalendarViewController.m */ = {isa = PBXFileReference; fileEncoding = 4; lastKnownFileType = sourcecode.c.objc; path = CalendarViewController.m; sourceTree = "<group>"; };
		0A4A37F61B7BA41A00AF3E36 /* LunchMenusViewController.h */ = {isa = PBXFileReference; fileEncoding = 4; lastKnownFileType = sourcecode.c.h; path = LunchMenusViewController.h; sourceTree = "<group>"; };
		0A4A37F71B7BA41A00AF3E36 /* LunchMenusViewController.m */ = {isa = PBXFileReference; fileEncoding = 4; lastKnownFileType = sourcecode.c.objc; path = LunchMenusViewController.m; sourceTree = "<group>"; };
		0A4A37FC1B7BA43900AF3E36 /* Staff DirectoryTableViewController.h */ = {isa = PBXFileReference; fileEncoding = 4; lastKnownFileType = sourcecode.c.h; path = "Staff DirectoryTableViewController.h"; sourceTree = "<group>"; };
		0A4A37FD1B7BA43900AF3E36 /* Staff DirectoryTableViewController.m */ = {isa = PBXFileReference; fileEncoding = 4; lastKnownFileType = sourcecode.c.objc; path = "Staff DirectoryTableViewController.m"; sourceTree = "<group>"; };
		0A4A380A1B7BCAF100AF3E36 /* NewsCenterTableViewController.h */ = {isa = PBXFileReference; fileEncoding = 4; lastKnownFileType = sourcecode.c.h; path = NewsCenterTableViewController.h; sourceTree = "<group>"; };
		0A4A380B1B7BCAF100AF3E36 /* NewsCenterTableViewController.m */ = {isa = PBXFileReference; fileEncoding = 4; lastKnownFileType = sourcecode.c.objc; path = NewsCenterTableViewController.m; sourceTree = "<group>"; };
		0A61185A1BA5ABDD00D632A6 /* UsefulLinksTableViewController.h */ = {isa = PBXFileReference; fileEncoding = 4; lastKnownFileType = sourcecode.c.h; path = UsefulLinksTableViewController.h; sourceTree = "<group>"; };
		0A61185B1BA5ABDD00D632A6 /* UsefulLinksTableViewController.m */ = {isa = PBXFileReference; fileEncoding = 4; lastKnownFileType = sourcecode.c.objc; path = UsefulLinksTableViewController.m; sourceTree = "<group>"; };
		0A6118601BA5B1A100D632A6 /* UsefulLinkArray.h */ = {isa = PBXFileReference; fileEncoding = 4; lastKnownFileType = sourcecode.c.h; path = UsefulLinkArray.h; sourceTree = "<group>"; };
		0A6118611BA5B1A100D632A6 /* UsefulLinkArray.m */ = {isa = PBXFileReference; fileEncoding = 4; lastKnownFileType = sourcecode.c.objc; path = UsefulLinkArray.m; sourceTree = "<group>"; };
		0A7401401BC2E17A00461CC6 /* unread@2x.png */ = {isa = PBXFileReference; lastKnownFileType = image.png; path = "unread@2x.png"; sourceTree = "<group>"; };
		0AB797C31B7DBF0B00113D94 /* theNews@2x.png */ = {isa = PBXFileReference; lastKnownFileType = image.png; path = "theNews@2x.png"; sourceTree = "<group>"; };
		0AB797C51B7DC08400113D94 /* extracurriculars@2x.png */ = {isa = PBXFileReference; lastKnownFileType = image.png; path = "extracurriculars@2x.png"; sourceTree = "<group>"; };
		0AB797C71B7DC1D100113D94 /* communityService@2x.png */ = {isa = PBXFileReference; lastKnownFileType = image.png; path = "communityService@2x.png"; sourceTree = "<group>"; };
		0AB797C91B7DC27200113D94 /* studentCenter@2x.png */ = {isa = PBXFileReference; lastKnownFileType = image.png; path = "studentCenter@2x.png"; sourceTree = "<group>"; };
		0AB797CB1B7DC29900113D94 /* calendar@2x.png */ = {isa = PBXFileReference; lastKnownFileType = image.png; path = "calendar@2x.png"; sourceTree = "<group>"; };
		0AB797CD1B7DC2E300113D94 /* lunchMenus@2x.png */ = {isa = PBXFileReference; lastKnownFileType = image.png; path = "lunchMenus@2x.png"; sourceTree = "<group>"; };
		0AB797CF1B7DC35100113D94 /* usefulLinks@2x.png */ = {isa = PBXFileReference; lastKnownFileType = image.png; path = "usefulLinks@2x.png"; sourceTree = "<group>"; };
		0AB797D11B7DC38900113D94 /* staffDirectory@2x.png */ = {isa = PBXFileReference; lastKnownFileType = image.png; path = "staffDirectory@2x.png"; sourceTree = "<group>"; };
		0AB797D31B7DC74400113D94 /* StaffMemberStructure.h */ = {isa = PBXFileReference; fileEncoding = 4; lastKnownFileType = sourcecode.c.h; path = StaffMemberStructure.h; sourceTree = "<group>"; };
		0AB797D41B7DC74400113D94 /* StaffMemberStructure.m */ = {isa = PBXFileReference; fileEncoding = 4; lastKnownFileType = sourcecode.c.objc; path = StaffMemberStructure.m; sourceTree = "<group>"; };
		0ACF72D71BA69BC200006C29 /* email@2x.png */ = {isa = PBXFileReference; lastKnownFileType = image.png; path = "email@2x.png"; sourceTree = "<group>"; };
		0ACF72D91BA69E2C00006C29 /* EmailButton.h */ = {isa = PBXFileReference; fileEncoding = 4; lastKnownFileType = sourcecode.c.h; path = EmailButton.h; sourceTree = "<group>"; };
		0ACF72DA1BA69E2C00006C29 /* EmailButton.m */ = {isa = PBXFileReference; fileEncoding = 4; lastKnownFileType = sourcecode.c.objc; path = EmailButton.m; sourceTree = "<group>"; };
		0AD4B0BD1B81F7F1004E23E4 /* AppDelegate.m */ = {isa = PBXFileReference; fileEncoding = 4; lastKnownFileType = sourcecode.c.objc; path = AppDelegate.m; sourceTree = "<group>"; };
		0AD4B0BF1B81FA3C004E23E4 /* ExtracurricularStructure.h */ = {isa = PBXFileReference; fileEncoding = 4; lastKnownFileType = sourcecode.c.h; path = ExtracurricularStructure.h; sourceTree = "<group>"; };
		0AD4B0C01B81FA3C004E23E4 /* ExtracurricularStructure.m */ = {isa = PBXFileReference; fileEncoding = 4; lastKnownFileType = sourcecode.c.objc; path = ExtracurricularStructure.m; sourceTree = "<group>"; };
		0AD4B0C51B81FCA3004E23E4 /* ExtracurricularsTableViewController.h */ = {isa = PBXFileReference; fileEncoding = 4; lastKnownFileType = sourcecode.c.h; path = ExtracurricularsTableViewController.h; sourceTree = "<group>"; };
		0AD4B0C61B81FCA3004E23E4 /* ExtracurricularsTableViewController.m */ = {isa = PBXFileReference; fileEncoding = 4; lastKnownFileType = sourcecode.c.objc; path = ExtracurricularsTableViewController.m; sourceTree = "<group>"; };
		0AD4B0C81B820252004E23E4 /* ExtracurricularUpdateStructure.h */ = {isa = PBXFileReference; fileEncoding = 4; lastKnownFileType = sourcecode.c.h; path = ExtracurricularUpdateStructure.h; sourceTree = "<group>"; };
		0AD4B0C91B820252004E23E4 /* ExtracurricularUpdateStructure.m */ = {isa = PBXFileReference; fileEncoding = 4; lastKnownFileType = sourcecode.c.objc; path = ExtracurricularUpdateStructure.m; sourceTree = "<group>"; };
		0AE74A291B7D7A2C0083EFF1 /* SplashScreenViewController.h */ = {isa = PBXFileReference; fileEncoding = 4; lastKnownFileType = sourcecode.c.h; path = SplashScreenViewController.h; sourceTree = "<group>"; };
		0AE74A2A1B7D7A2C0083EFF1 /* SplashScreenViewController.m */ = {isa = PBXFileReference; fileEncoding = 4; lastKnownFileType = sourcecode.c.objc; path = SplashScreenViewController.m; sourceTree = "<group>"; };
		0AE74A2C1B7D84180083EFF1 /* MainTabBarController.h */ = {isa = PBXFileReference; fileEncoding = 4; lastKnownFileType = sourcecode.c.h; path = MainTabBarController.h; sourceTree = "<group>"; };
		0AE74A2D1B7D84180083EFF1 /* MainTabBarController.m */ = {isa = PBXFileReference; fileEncoding = 4; lastKnownFileType = sourcecode.c.objc; path = MainTabBarController.m; sourceTree = "<group>"; };
		0AE74A2F1B7DAE6E0083EFF1 /* image.png */ = {isa = PBXFileReference; lastKnownFileType = image.png; path = image.png; sourceTree = "<group>"; };
		0AF4BC481B7D14D3001149A5 /* Bolts.framework */ = {isa = PBXFileReference; lastKnownFileType = wrapper.framework; path = Bolts.framework; sourceTree = "<group>"; };
		0AF4BC491B7D14D3001149A5 /* Parse.framework */ = {isa = PBXFileReference; lastKnownFileType = wrapper.framework; path = Parse.framework; sourceTree = "<group>"; };
		0AF4BC4C1B7D14E6001149A5 /* AudioToolbox.framework */ = {isa = PBXFileReference; lastKnownFileType = wrapper.framework; name = AudioToolbox.framework; path = System/Library/Frameworks/AudioToolbox.framework; sourceTree = SDKROOT; };
		0AF4BC4E1B7D14EB001149A5 /* CFNetwork.framework */ = {isa = PBXFileReference; lastKnownFileType = wrapper.framework; name = CFNetwork.framework; path = System/Library/Frameworks/CFNetwork.framework; sourceTree = SDKROOT; };
		0AF4BC501B7D14F7001149A5 /* CoreGraphics.framework */ = {isa = PBXFileReference; lastKnownFileType = wrapper.framework; name = CoreGraphics.framework; path = System/Library/Frameworks/CoreGraphics.framework; sourceTree = SDKROOT; };
		0AF4BC521B7D14FC001149A5 /* CoreLocation.framework */ = {isa = PBXFileReference; lastKnownFileType = wrapper.framework; name = CoreLocation.framework; path = System/Library/Frameworks/CoreLocation.framework; sourceTree = SDKROOT; };
		0AF4BC541B7D1503001149A5 /* QuartzCore.framework */ = {isa = PBXFileReference; lastKnownFileType = wrapper.framework; name = QuartzCore.framework; path = System/Library/Frameworks/QuartzCore.framework; sourceTree = SDKROOT; };
		0AF4BC561B7D1509001149A5 /* Security.framework */ = {isa = PBXFileReference; lastKnownFileType = wrapper.framework; name = Security.framework; path = System/Library/Frameworks/Security.framework; sourceTree = SDKROOT; };
		0AF4BC581B7D150E001149A5 /* StoreKit.framework */ = {isa = PBXFileReference; lastKnownFileType = wrapper.framework; name = StoreKit.framework; path = System/Library/Frameworks/StoreKit.framework; sourceTree = SDKROOT; };
		0AF4BC5A1B7D1514001149A5 /* SystemConfiguration.framework */ = {isa = PBXFileReference; lastKnownFileType = wrapper.framework; name = SystemConfiguration.framework; path = System/Library/Frameworks/SystemConfiguration.framework; sourceTree = SDKROOT; };
		0AF4BC5C1B7D151A001149A5 /* libz.dylib */ = {isa = PBXFileReference; lastKnownFileType = "compiled.mach-o.dylib"; name = libz.dylib; path = usr/lib/libz.dylib; sourceTree = SDKROOT; };
		0AF4BC5E1B7D1520001149A5 /* libsqlite3.dylib */ = {isa = PBXFileReference; lastKnownFileType = "compiled.mach-o.dylib"; name = libsqlite3.dylib; path = usr/lib/libsqlite3.dylib; sourceTree = SDKROOT; };
		0AF4BC601B7D1536001149A5 /* libz.1.1.3.dylib */ = {isa = PBXFileReference; lastKnownFileType = "compiled.mach-o.dylib"; name = libz.1.1.3.dylib; path = usr/lib/libz.1.1.3.dylib; sourceTree = SDKROOT; };
		0AF4BC621B7D1610001149A5 /* TestStructure.h */ = {isa = PBXFileReference; fileEncoding = 4; lastKnownFileType = sourcecode.c.h; path = TestStructure.h; sourceTree = "<group>"; };
		0AF4BC631B7D1610001149A5 /* TestStructure.m */ = {isa = PBXFileReference; fileEncoding = 4; lastKnownFileType = sourcecode.c.objc; path = TestStructure.m; sourceTree = "<group>"; };
		0AF4BC651B7D1BA2001149A5 /* AppManager.h */ = {isa = PBXFileReference; fileEncoding = 4; lastKnownFileType = sourcecode.c.h; path = AppManager.h; sourceTree = "<group>"; };
		0AF4BC661B7D1BA2001149A5 /* AppManager.m */ = {isa = PBXFileReference; fileEncoding = 4; lastKnownFileType = sourcecode.c.objc; path = AppManager.m; sourceTree = "<group>"; };
		0AF4BC681B7D278B001149A5 /* NewsArticleStructure.h */ = {isa = PBXFileReference; fileEncoding = 4; lastKnownFileType = sourcecode.c.h; path = NewsArticleStructure.h; sourceTree = "<group>"; };
		0AF4BC691B7D278B001149A5 /* NewsArticleStructure.m */ = {isa = PBXFileReference; fileEncoding = 4; lastKnownFileType = sourcecode.c.objc; path = NewsArticleStructure.m; sourceTree = "<group>"; };
		F75C21951B7B99D00052BC87 /* AboutViewController.h */ = {isa = PBXFileReference; fileEncoding = 4; lastKnownFileType = sourcecode.c.h; path = AboutViewController.h; sourceTree = "<group>"; };
		F75C21961B7B99D00052BC87 /* AboutViewController.m */ = {isa = PBXFileReference; fileEncoding = 4; lastKnownFileType = sourcecode.c.objc; path = AboutViewController.m; sourceTree = "<group>"; };
		F768D05F1B8208980064E296 /* CommunityServiceStructure.h */ = {isa = PBXFileReference; fileEncoding = 4; lastKnownFileType = sourcecode.c.h; path = CommunityServiceStructure.h; sourceTree = "<group>"; };
		F768D0601B8208980064E296 /* CommunityServiceStructure.m */ = {isa = PBXFileReference; fileEncoding = 4; lastKnownFileType = sourcecode.c.objc; path = CommunityServiceStructure.m; sourceTree = "<group>"; };
		F768D0621B821A000064E296 /* CommunityServiceTableViewController.h */ = {isa = PBXFileReference; fileEncoding = 4; lastKnownFileType = sourcecode.c.h; path = CommunityServiceTableViewController.h; sourceTree = "<group>"; };
		F768D0631B821A000064E296 /* CommunityServiceTableViewController.m */ = {isa = PBXFileReference; fileEncoding = 4; lastKnownFileType = sourcecode.c.objc; path = CommunityServiceTableViewController.m; sourceTree = "<group>"; };
		F768D0801B85381B0064E296 /* LunchMenusStructure.h */ = {isa = PBXFileReference; fileEncoding = 4; lastKnownFileType = sourcecode.c.h; path = LunchMenusStructure.h; sourceTree = "<group>"; };
		F768D0811B85381B0064E296 /* LunchMenusStructure.m */ = {isa = PBXFileReference; fileEncoding = 4; lastKnownFileType = sourcecode.c.objc; path = LunchMenusStructure.m; sourceTree = "<group>"; };
		F768D0851B854D4B0064E296 /* wildcat.jpeg */ = {isa = PBXFileReference; lastKnownFileType = image.jpeg; path = wildcat.jpeg; sourceTree = "<group>"; };
		F7956CB01BA5CAA70091EB5A /* NewsArticleDetailViewController.h */ = {isa = PBXFileReference; fileEncoding = 4; lastKnownFileType = sourcecode.c.h; path = NewsArticleDetailViewController.h; sourceTree = "<group>"; };
		F7956CB11BA5CAA70091EB5A /* NewsArticleDetailViewController.m */ = {isa = PBXFileReference; fileEncoding = 4; lastKnownFileType = sourcecode.c.objc; path = NewsArticleDetailViewController.m; sourceTree = "<group>"; };
/* End PBXFileReference section */

/* Begin PBXFrameworksBuildPhase section */
		0A1FE3D21B7B7DA80062A30E /* Frameworks */ = {
			isa = PBXFrameworksBuildPhase;
			buildActionMask = 2147483647;
			files = (
				0AF4BC611B7D1536001149A5 /* libz.1.1.3.dylib in Frameworks */,
				0AF4BC5F1B7D1520001149A5 /* libsqlite3.dylib in Frameworks */,
				0AF4BC5D1B7D151A001149A5 /* libz.dylib in Frameworks */,
				0AF4BC5B1B7D1514001149A5 /* SystemConfiguration.framework in Frameworks */,
				0AF4BC591B7D150E001149A5 /* StoreKit.framework in Frameworks */,
				0AF4BC571B7D1509001149A5 /* Security.framework in Frameworks */,
				0AF4BC551B7D1503001149A5 /* QuartzCore.framework in Frameworks */,
				0AF4BC531B7D14FC001149A5 /* CoreLocation.framework in Frameworks */,
				0AF4BC511B7D14F7001149A5 /* CoreGraphics.framework in Frameworks */,
				0AF4BC4F1B7D14EB001149A5 /* CFNetwork.framework in Frameworks */,
				0AF4BC4D1B7D14E6001149A5 /* AudioToolbox.framework in Frameworks */,
				0AF4BC4B1B7D14D3001149A5 /* Parse.framework in Frameworks */,
				0AF4BC4A1B7D14D3001149A5 /* Bolts.framework in Frameworks */,
			);
			runOnlyForDeploymentPostprocessing = 0;
		};
		0A1FE3EE1B7B7DA80062A30E /* Frameworks */ = {
			isa = PBXFrameworksBuildPhase;
			buildActionMask = 2147483647;
			files = (
			);
			runOnlyForDeploymentPostprocessing = 0;
		};
/* End PBXFrameworksBuildPhase section */

/* Begin PBXGroup section */
		0A1FE3CC1B7B7DA80062A30E = {
			isa = PBXGroup;
			children = (
				0AE74A311B7DAE7D0083EFF1 /* Images */,
				0AF4BC601B7D1536001149A5 /* libz.1.1.3.dylib */,
				0AF4BC5E1B7D1520001149A5 /* libsqlite3.dylib */,
				0AF4BC5C1B7D151A001149A5 /* libz.dylib */,
				0AF4BC5A1B7D1514001149A5 /* SystemConfiguration.framework */,
				0AF4BC581B7D150E001149A5 /* StoreKit.framework */,
				0AF4BC561B7D1509001149A5 /* Security.framework */,
				0AF4BC541B7D1503001149A5 /* QuartzCore.framework */,
				0AF4BC521B7D14FC001149A5 /* CoreLocation.framework */,
				0AF4BC501B7D14F7001149A5 /* CoreGraphics.framework */,
				0AF4BC4E1B7D14EB001149A5 /* CFNetwork.framework */,
				0AF4BC4C1B7D14E6001149A5 /* AudioToolbox.framework */,
				0AF4BC481B7D14D3001149A5 /* Bolts.framework */,
				0AF4BC491B7D14D3001149A5 /* Parse.framework */,
				0A1FE3D71B7B7DA80062A30E /* WildcatConnectGITTest */,
				0A1FE3F41B7B7DA80062A30E /* WildcatConnectGITTestTests */,
				0A1FE3D61B7B7DA80062A30E /* Products */,
			);
			sourceTree = "<group>";
		};
		0A1FE3D61B7B7DA80062A30E /* Products */ = {
			isa = PBXGroup;
			children = (
				0A1FE3D51B7B7DA80062A30E /* WildcatConnectGITTest.app */,
				0A1FE3F11B7B7DA80062A30E /* WildcatConnectGITTestTests.xctest */,
			);
			name = Products;
			sourceTree = "<group>";
		};
		0A1FE3D71B7B7DA80062A30E /* WildcatConnectGITTest */ = {
			isa = PBXGroup;
			children = (
				0ACF72D91BA69E2C00006C29 /* EmailButton.h */,
				0ACF72DA1BA69E2C00006C29 /* EmailButton.m */,
				0A61185A1BA5ABDD00D632A6 /* UsefulLinksTableViewController.h */,
				0A61185B1BA5ABDD00D632A6 /* UsefulLinksTableViewController.m */,
				0AD4B0C51B81FCA3004E23E4 /* ExtracurricularsTableViewController.h */,
				0AD4B0C61B81FCA3004E23E4 /* ExtracurricularsTableViewController.m */,
				0AD4B0C81B820252004E23E4 /* ExtracurricularUpdateStructure.h */,
				0AD4B0C91B820252004E23E4 /* ExtracurricularUpdateStructure.m */,
				F768D0801B85381B0064E296 /* LunchMenusStructure.h */,
				F768D0811B85381B0064E296 /* LunchMenusStructure.m */,
				0A4A37F61B7BA41A00AF3E36 /* LunchMenusViewController.h */,
				0A4A37F71B7BA41A00AF3E36 /* LunchMenusViewController.m */,
				0A1FE3DC1B7B7DA80062A30E /* AppDelegate.h */,
				0AD4B0BD1B81F7F1004E23E4 /* AppDelegate.m */,
				0A6118601BA5B1A100D632A6 /* UsefulLinkArray.h */,
				0A6118611BA5B1A100D632A6 /* UsefulLinkArray.m */,
				0A1FE3DF1B7B7DA80062A30E /* FirstViewController.h */,
				0A1FE3E01B7B7DA80062A30E /* FirstViewController.m */,
				0AF4BC681B7D278B001149A5 /* NewsArticleStructure.h */,
				0AF4BC691B7D278B001149A5 /* NewsArticleStructure.m */,
				F768D05F1B8208980064E296 /* CommunityServiceStructure.h */,
				F768D0601B8208980064E296 /* CommunityServiceStructure.m */,
				F768D0621B821A000064E296 /* CommunityServiceTableViewController.h */,
				F768D0631B821A000064E296 /* CommunityServiceTableViewController.m */,
				0AB797D31B7DC74400113D94 /* StaffMemberStructure.h */,
				0AB797D41B7DC74400113D94 /* StaffMemberStructure.m */,
				0AF4BC651B7D1BA2001149A5 /* AppManager.h */,
				0AF4BC661B7D1BA2001149A5 /* AppManager.m */,
				0A0A497C1B7EFEC800304629 /* ApplicationManager.h */,
				0A0A497D1B7EFEC800304629 /* ApplicationManager.m */,
				0A4A380A1B7BCAF100AF3E36 /* NewsCenterTableViewController.h */,
				0A4A380B1B7BCAF100AF3E36 /* NewsCenterTableViewController.m */,
				0AF4BC621B7D1610001149A5 /* TestStructure.h */,
				0AF4BC631B7D1610001149A5 /* TestStructure.m */,
				0A1FE3E21B7B7DA80062A30E /* SecondViewController.h */,
				0A1FE3E31B7B7DA80062A30E /* SecondViewController.m */,
				0A1FE3E51B7B7DA80062A30E /* Main.storyboard */,
				0A49BD101BC6DCBE00E84E4C /* AlertsTableViewController.h */,
				0A49BD111BC6DCBE00E84E4C /* AlertsTableViewController.m */,
				0A49BD0D1BC6DB7000E84E4C /* AlertStructure.h */,
				0A49BD0E1BC6DB7000E84E4C /* AlertStructure.m */,
				0A037E591BC1543E009A1DBB /* AdministrationMainTableViewController.h */,
				0A037E5A1BC1543E009A1DBB /* AdministrationMainTableViewController.m */,
				0A037E561BC14F78009A1DBB /* AdministrationLogInViewController.h */,
				0A037E571BC14F78009A1DBB /* AdministrationLogInViewController.m */,
				F7956CB01BA5CAA70091EB5A /* NewsArticleDetailViewController.h */,
				F7956CB11BA5CAA70091EB5A /* NewsArticleDetailViewController.m */,
				0AD4B0BF1B81FA3C004E23E4 /* ExtracurricularStructure.h */,
				0AD4B0C01B81FA3C004E23E4 /* ExtracurricularStructure.m */,
				0A0A496A1B7E75A500304629 /* StaffDirectoryBaseTableViewController.h */,
				0A0A496B1B7E75A500304629 /* StaffDirectoryBaseTableViewController.m */,
				0A0A496D1B7E76A100304629 /* StaffDirectoryMainTableViewController.h */,
				0A0A496E1B7E76A100304629 /* StaffDirectoryMainTableViewController.m */,
				0A0A49731B7EA02300304629 /* StaffDirectoryDetailViewController.h */,
				0A0A49741B7EA02300304629 /* StaffDirectoryDetailViewController.m */,
				0A0A49701B7E776500304629 /* StaffDirectoryResultsTableViewController.h */,
				0A0A49711B7E776500304629 /* StaffDirectoryResultsTableViewController.m */,
				0AE74A2C1B7D84180083EFF1 /* MainTabBarController.h */,
				0AE74A2D1B7D84180083EFF1 /* MainTabBarController.m */,
				0AE74A291B7D7A2C0083EFF1 /* SplashScreenViewController.h */,
				0AE74A2A1B7D7A2C0083EFF1 /* SplashScreenViewController.m */,
				0A4A37F01B7BA34600AF3E36 /* StudentCenterViewController.h */,
				0A4A37F11B7BA34600AF3E36 /* StudentCenterViewController.m */,
				0A4A37F31B7BA41100AF3E36 /* CalendarViewController.h */,
				0A4A37F41B7BA41100AF3E36 /* CalendarViewController.m */,
				0A4A37FC1B7BA43900AF3E36 /* Staff DirectoryTableViewController.h */,
				0A4A37FD1B7BA43900AF3E36 /* Staff DirectoryTableViewController.m */,
				F75C21951B7B99D00052BC87 /* AboutViewController.h */,
				F75C21961B7B99D00052BC87 /* AboutViewController.m */,
				0A4A37E71B7B90D100AF3E36 /* SectionsTableViewController.h */,
				0A4A37E81B7B90D100AF3E36 /* SectionsTableViewController.m */,
				0A1FE3E81B7B7DA80062A30E /* Images.xcassets */,
				0A1FE3EA1B7B7DA80062A30E /* LaunchScreen.xib */,
				0A1FE3D81B7B7DA80062A30E /* Supporting Files */,
			);
			path = WildcatConnectGITTest;
			sourceTree = "<group>";
		};
		0A1FE3D81B7B7DA80062A30E /* Supporting Files */ = {
			isa = PBXGroup;
			children = (
				F768D0851B854D4B0064E296 /* wildcat.jpeg */,
				0A1FE3D91B7B7DA80062A30E /* Info.plist */,
				0A1FE3DA1B7B7DA80062A30E /* main.m */,
			);
			name = "Supporting Files";
			sourceTree = "<group>";
		};
		0A1FE3F41B7B7DA80062A30E /* WildcatConnectGITTestTests */ = {
			isa = PBXGroup;
			children = (
				0A1FE3F71B7B7DA80062A30E /* WildcatConnectGITTestTests.m */,
				0A1FE3F51B7B7DA80062A30E /* Supporting Files */,
			);
			path = WildcatConnectGITTestTests;
			sourceTree = "<group>";
		};
		0A1FE3F51B7B7DA80062A30E /* Supporting Files */ = {
			isa = PBXGroup;
			children = (
				0A1FE3F61B7B7DA80062A30E /* Info.plist */,
			);
			name = "Supporting Files";
			sourceTree = "<group>";
		};
		0AE74A311B7DAE7D0083EFF1 /* Images */ = {
			isa = PBXGroup;
			children = (
				0A7401401BC2E17A00461CC6 /* unread@2x.png */,
				0A037E541BC14B0B009A1DBB /* admin@2x.png */,
				0ACF72D71BA69BC200006C29 /* email@2x.png */,
				0A0A497A1B7EAE7100304629 /* about@2x.png */,
				0A0A49781B7EAE4900304629 /* sections@2x.png */,
				0A0A49761B7EAE2B00304629 /* home@2x.png */,
				0AB797D11B7DC38900113D94 /* staffDirectory@2x.png */,
				0AB797CF1B7DC35100113D94 /* usefulLinks@2x.png */,
				0AB797CD1B7DC2E300113D94 /* lunchMenus@2x.png */,
				0AB797CB1B7DC29900113D94 /* calendar@2x.png */,
				0AB797C91B7DC27200113D94 /* studentCenter@2x.png */,
				0AB797C71B7DC1D100113D94 /* communityService@2x.png */,
				0AB797C31B7DBF0B00113D94 /* theNews@2x.png */,
				0AB797C51B7DC08400113D94 /* extracurriculars@2x.png */,
				0AE74A2F1B7DAE6E0083EFF1 /* image.png */,
			);
			name = Images;
			sourceTree = "<group>";
		};
/* End PBXGroup section */

/* Begin PBXNativeTarget section */
		0A1FE3D41B7B7DA80062A30E /* WildcatConnectGITTest */ = {
			isa = PBXNativeTarget;
			buildConfigurationList = 0A1FE3FB1B7B7DA80062A30E /* Build configuration list for PBXNativeTarget "WildcatConnectGITTest" */;
			buildPhases = (
				0A1FE3D11B7B7DA80062A30E /* Sources */,
				0A1FE3D21B7B7DA80062A30E /* Frameworks */,
				0A1FE3D31B7B7DA80062A30E /* Resources */,
			);
			buildRules = (
			);
			dependencies = (
			);
			name = WildcatConnectGITTest;
			productName = WildcatConnectGITTest;
			productReference = 0A1FE3D51B7B7DA80062A30E /* WildcatConnectGITTest.app */;
			productType = "com.apple.product-type.application";
		};
		0A1FE3F01B7B7DA80062A30E /* WildcatConnectGITTestTests */ = {
			isa = PBXNativeTarget;
			buildConfigurationList = 0A1FE3FE1B7B7DA80062A30E /* Build configuration list for PBXNativeTarget "WildcatConnectGITTestTests" */;
			buildPhases = (
				0A1FE3ED1B7B7DA80062A30E /* Sources */,
				0A1FE3EE1B7B7DA80062A30E /* Frameworks */,
				0A1FE3EF1B7B7DA80062A30E /* Resources */,
			);
			buildRules = (
			);
			dependencies = (
				0A1FE3F31B7B7DA80062A30E /* PBXTargetDependency */,
			);
			name = WildcatConnectGITTestTests;
			productName = WildcatConnectGITTestTests;
			productReference = 0A1FE3F11B7B7DA80062A30E /* WildcatConnectGITTestTests.xctest */;
			productType = "com.apple.product-type.bundle.unit-test";
		};
/* End PBXNativeTarget section */

/* Begin PBXProject section */
		0A1FE3CD1B7B7DA80062A30E /* Project object */ = {
			isa = PBXProject;
			attributes = {
				LastUpgradeCheck = 0640;
				ORGANIZATIONNAME = WildcatConnect;
				TargetAttributes = {
					0A1FE3D41B7B7DA80062A30E = {
						CreatedOnToolsVersion = 6.4;
					};
					0A1FE3F01B7B7DA80062A30E = {
						CreatedOnToolsVersion = 6.4;
						TestTargetID = 0A1FE3D41B7B7DA80062A30E;
					};
				};
			};
			buildConfigurationList = 0A1FE3D01B7B7DA80062A30E /* Build configuration list for PBXProject "WildcatConnectGITTest" */;
			compatibilityVersion = "Xcode 3.2";
			developmentRegion = English;
			hasScannedForEncodings = 0;
			knownRegions = (
				en,
				Base,
			);
			mainGroup = 0A1FE3CC1B7B7DA80062A30E;
			productRefGroup = 0A1FE3D61B7B7DA80062A30E /* Products */;
			projectDirPath = "";
			projectRoot = "";
			targets = (
				0A1FE3D41B7B7DA80062A30E /* WildcatConnectGITTest */,
				0A1FE3F01B7B7DA80062A30E /* WildcatConnectGITTestTests */,
			);
		};
/* End PBXProject section */

/* Begin PBXResourcesBuildPhase section */
		0A1FE3D31B7B7DA80062A30E /* Resources */ = {
			isa = PBXResourcesBuildPhase;
			buildActionMask = 2147483647;
			files = (
				0AB797D01B7DC35100113D94 /* usefulLinks@2x.png in Resources */,
				0ACF72D81BA69BC200006C29 /* email@2x.png in Resources */,
				0AB797CE1B7DC2E300113D94 /* lunchMenus@2x.png in Resources */,
				0A7401411BC2E17A00461CC6 /* unread@2x.png in Resources */,
				0A0A497B1B7EAE7100304629 /* about@2x.png in Resources */,
				0AB797D21B7DC38900113D94 /* staffDirectory@2x.png in Resources */,
				0AB797C81B7DC1D100113D94 /* communityService@2x.png in Resources */,
				0A0A49791B7EAE4900304629 /* sections@2x.png in Resources */,
				0AB797C21B7DBDBA00113D94 /* Images.xcassets in Resources */,
				0A0A49771B7EAE2B00304629 /* home@2x.png in Resources */,
				0A037E551BC14B0B009A1DBB /* admin@2x.png in Resources */,
				F768D0861B854D4B0064E296 /* wildcat.jpeg in Resources */,
				0AB797C41B7DBF0B00113D94 /* theNews@2x.png in Resources */,
				0AB797CA1B7DC27200113D94 /* studentCenter@2x.png in Resources */,
				0AB797C61B7DC08400113D94 /* extracurriculars@2x.png in Resources */,
				0A1FE3E71B7B7DA80062A30E /* Main.storyboard in Resources */,
				0AB797CC1B7DC29900113D94 /* calendar@2x.png in Resources */,
				0A1FE3EC1B7B7DA80062A30E /* LaunchScreen.xib in Resources */,
			);
			runOnlyForDeploymentPostprocessing = 0;
		};
		0A1FE3EF1B7B7DA80062A30E /* Resources */ = {
			isa = PBXResourcesBuildPhase;
			buildActionMask = 2147483647;
			files = (
			);
			runOnlyForDeploymentPostprocessing = 0;
		};
/* End PBXResourcesBuildPhase section */

/* Begin PBXSourcesBuildPhase section */
		0A1FE3D11B7B7DA80062A30E /* Sources */ = {
			isa = PBXSourcesBuildPhase;
			buildActionMask = 2147483647;
			files = (
				0A037E5B1BC1543E009A1DBB /* AdministrationMainTableViewController.m in Sources */,
				0A4A37F81B7BA41A00AF3E36 /* LunchMenusViewController.m in Sources */,
				F768D0611B8208980064E296 /* CommunityServiceStructure.m in Sources */,
				0AD4B0C11B81FA3C004E23E4 /* ExtracurricularStructure.m in Sources */,
				0A61185C1BA5ABDD00D632A6 /* UsefulLinksTableViewController.m in Sources */,
				0AF4BC671B7D1BA2001149A5 /* AppManager.m in Sources */,
				0A6118621BA5B1A100D632A6 /* UsefulLinkArray.m in Sources */,
				F75C21971B7B99D00052BC87 /* AboutViewController.m in Sources */,
				0AF4BC6A1B7D278B001149A5 /* NewsArticleStructure.m in Sources */,
				0A1FE3E41B7B7DA80062A30E /* SecondViewController.m in Sources */,
				F768D0821B85381B0064E296 /* LunchMenusStructure.m in Sources */,
				0AD4B0C71B81FCA3004E23E4 /* ExtracurricularsTableViewController.m in Sources */,
				0A4A380C1B7BCAF100AF3E36 /* NewsCenterTableViewController.m in Sources */,
				0ACF72DB1BA69E2C00006C29 /* EmailButton.m in Sources */,
				0A0A49751B7EA02300304629 /* StaffDirectoryDetailViewController.m in Sources */,
				0A0A496C1B7E75A500304629 /* StaffDirectoryBaseTableViewController.m in Sources */,
				0A0A496F1B7E76A100304629 /* StaffDirectoryMainTableViewController.m in Sources */,
				0AB797D51B7DC74400113D94 /* StaffMemberStructure.m in Sources */,
				0A0A497E1B7EFEC800304629 /* ApplicationManager.m in Sources */,
				F7956CB21BA5CAA70091EB5A /* NewsArticleDetailViewController.m in Sources */,
				0A4A37E91B7B90D100AF3E36 /* SectionsTableViewController.m in Sources */,
				0A037E581BC14F78009A1DBB /* AdministrationLogInViewController.m in Sources */,
				F768D0641B821A000064E296 /* CommunityServiceTableViewController.m in Sources */,
				0AE74A2B1B7D7A2C0083EFF1 /* SplashScreenViewController.m in Sources */,
				0AD4B0CA1B820252004E23E4 /* ExtracurricularUpdateStructure.m in Sources */,
				0AE74A2E1B7D84180083EFF1 /* MainTabBarController.m in Sources */,
				0A1FE3E11B7B7DA80062A30E /* FirstViewController.m in Sources */,
				0A4A37F21B7BA34600AF3E36 /* StudentCenterViewController.m in Sources */,
				0A49BD121BC6DCBE00E84E4C /* AlertsTableViewController.m in Sources */,
				0AD4B0BE1B81F7F1004E23E4 /* AppDelegate.m in Sources */,
				0A49BD0F1BC6DB7000E84E4C /* AlertStructure.m in Sources */,
				0A0A49721B7E776500304629 /* StaffDirectoryResultsTableViewController.m in Sources */,
				0AF4BC641B7D1610001149A5 /* TestStructure.m in Sources */,
				0A4A37F51B7BA41100AF3E36 /* CalendarViewController.m in Sources */,
				0A1FE3DB1B7B7DA80062A30E /* main.m in Sources */,
				0A4A37FE1B7BA43900AF3E36 /* Staff DirectoryTableViewController.m in Sources */,
			);
			runOnlyForDeploymentPostprocessing = 0;
		};
		0A1FE3ED1B7B7DA80062A30E /* Sources */ = {
			isa = PBXSourcesBuildPhase;
			buildActionMask = 2147483647;
			files = (
				0A1FE3F81B7B7DA80062A30E /* WildcatConnectGITTestTests.m in Sources */,
			);
			runOnlyForDeploymentPostprocessing = 0;
		};
/* End PBXSourcesBuildPhase section */

/* Begin PBXTargetDependency section */
		0A1FE3F31B7B7DA80062A30E /* PBXTargetDependency */ = {
			isa = PBXTargetDependency;
			target = 0A1FE3D41B7B7DA80062A30E /* WildcatConnectGITTest */;
			targetProxy = 0A1FE3F21B7B7DA80062A30E /* PBXContainerItemProxy */;
		};
/* End PBXTargetDependency section */

/* Begin PBXVariantGroup section */
		0A1FE3E51B7B7DA80062A30E /* Main.storyboard */ = {
			isa = PBXVariantGroup;
			children = (
				0A1FE3E61B7B7DA80062A30E /* Base */,
			);
			name = Main.storyboard;
			sourceTree = "<group>";
		};
		0A1FE3EA1B7B7DA80062A30E /* LaunchScreen.xib */ = {
			isa = PBXVariantGroup;
			children = (
				0A1FE3EB1B7B7DA80062A30E /* Base */,
			);
			name = LaunchScreen.xib;
			sourceTree = "<group>";
		};
/* End PBXVariantGroup section */

/* Begin XCBuildConfiguration section */
		0A1FE3F91B7B7DA80062A30E /* Debug */ = {
			isa = XCBuildConfiguration;
			buildSettings = {
				ALWAYS_SEARCH_USER_PATHS = NO;
				CLANG_CXX_LANGUAGE_STANDARD = "gnu++0x";
				CLANG_CXX_LIBRARY = "libc++";
				CLANG_ENABLE_MODULES = YES;
				CLANG_ENABLE_OBJC_ARC = YES;
				CLANG_WARN_BOOL_CONVERSION = YES;
				CLANG_WARN_CONSTANT_CONVERSION = YES;
				CLANG_WARN_DIRECT_OBJC_ISA_USAGE = YES_ERROR;
				CLANG_WARN_EMPTY_BODY = YES;
				CLANG_WARN_ENUM_CONVERSION = YES;
				CLANG_WARN_INT_CONVERSION = YES;
				CLANG_WARN_OBJC_ROOT_CLASS = YES_ERROR;
				CLANG_WARN_UNREACHABLE_CODE = YES;
				CLANG_WARN__DUPLICATE_METHOD_MATCH = YES;
				"CODE_SIGN_IDENTITY[sdk=iphoneos*]" = "iPhone Developer";
				COPY_PHASE_STRIP = NO;
				DEBUG_INFORMATION_FORMAT = "dwarf-with-dsym";
				ENABLE_STRICT_OBJC_MSGSEND = YES;
				GCC_C_LANGUAGE_STANDARD = gnu99;
				GCC_DYNAMIC_NO_PIC = NO;
				GCC_NO_COMMON_BLOCKS = YES;
				GCC_OPTIMIZATION_LEVEL = 0;
				GCC_PREPROCESSOR_DEFINITIONS = (
					"DEBUG=1",
					"$(inherited)",
				);
				GCC_SYMBOLS_PRIVATE_EXTERN = NO;
				GCC_WARN_64_TO_32_BIT_CONVERSION = YES;
				GCC_WARN_ABOUT_RETURN_TYPE = YES_ERROR;
				GCC_WARN_UNDECLARED_SELECTOR = YES;
				GCC_WARN_UNINITIALIZED_AUTOS = YES_AGGRESSIVE;
				GCC_WARN_UNUSED_FUNCTION = YES;
				GCC_WARN_UNUSED_VARIABLE = YES;
				IPHONEOS_DEPLOYMENT_TARGET = 8.4;
				MTL_ENABLE_DEBUG_INFO = YES;
				ONLY_ACTIVE_ARCH = YES;
				SDKROOT = iphoneos;
			};
			name = Debug;
		};
		0A1FE3FA1B7B7DA80062A30E /* Release */ = {
			isa = XCBuildConfiguration;
			buildSettings = {
				ALWAYS_SEARCH_USER_PATHS = NO;
				CLANG_CXX_LANGUAGE_STANDARD = "gnu++0x";
				CLANG_CXX_LIBRARY = "libc++";
				CLANG_ENABLE_MODULES = YES;
				CLANG_ENABLE_OBJC_ARC = YES;
				CLANG_WARN_BOOL_CONVERSION = YES;
				CLANG_WARN_CONSTANT_CONVERSION = YES;
				CLANG_WARN_DIRECT_OBJC_ISA_USAGE = YES_ERROR;
				CLANG_WARN_EMPTY_BODY = YES;
				CLANG_WARN_ENUM_CONVERSION = YES;
				CLANG_WARN_INT_CONVERSION = YES;
				CLANG_WARN_OBJC_ROOT_CLASS = YES_ERROR;
				CLANG_WARN_UNREACHABLE_CODE = YES;
				CLANG_WARN__DUPLICATE_METHOD_MATCH = YES;
				"CODE_SIGN_IDENTITY[sdk=iphoneos*]" = "iPhone Developer";
				COPY_PHASE_STRIP = NO;
				DEBUG_INFORMATION_FORMAT = "dwarf-with-dsym";
				ENABLE_NS_ASSERTIONS = NO;
				ENABLE_STRICT_OBJC_MSGSEND = YES;
				GCC_C_LANGUAGE_STANDARD = gnu99;
				GCC_NO_COMMON_BLOCKS = YES;
				GCC_WARN_64_TO_32_BIT_CONVERSION = YES;
				GCC_WARN_ABOUT_RETURN_TYPE = YES_ERROR;
				GCC_WARN_UNDECLARED_SELECTOR = YES;
				GCC_WARN_UNINITIALIZED_AUTOS = YES_AGGRESSIVE;
				GCC_WARN_UNUSED_FUNCTION = YES;
				GCC_WARN_UNUSED_VARIABLE = YES;
				IPHONEOS_DEPLOYMENT_TARGET = 8.4;
				MTL_ENABLE_DEBUG_INFO = NO;
				SDKROOT = iphoneos;
				VALIDATE_PRODUCT = YES;
			};
			name = Release;
		};
		0A1FE3FC1B7B7DA80062A30E /* Debug */ = {
			isa = XCBuildConfiguration;
			buildSettings = {
				ASSETCATALOG_COMPILER_APPICON_NAME = AppIcon;
				CLANG_ENABLE_OBJC_ARC = NO;
				FRAMEWORK_SEARCH_PATHS = (
					"$(inherited)",
					"$(PROJECT_DIR)/WildcatConnectGITTest",
					"$(PROJECT_DIR)",
				);
				INFOPLIST_FILE = WildcatConnectGITTest/Info.plist;
				LD_RUNPATH_SEARCH_PATHS = "$(inherited) @executable_path/Frameworks";
				PRODUCT_NAME = "$(TARGET_NAME)";
			};
			name = Debug;
		};
		0A1FE3FD1B7B7DA80062A30E /* Release */ = {
			isa = XCBuildConfiguration;
			buildSettings = {
				ASSETCATALOG_COMPILER_APPICON_NAME = AppIcon;
				CLANG_ENABLE_OBJC_ARC = NO;
				FRAMEWORK_SEARCH_PATHS = (
					"$(inherited)",
					"$(PROJECT_DIR)/WildcatConnectGITTest",
					"$(PROJECT_DIR)",
				);
				INFOPLIST_FILE = WildcatConnectGITTest/Info.plist;
				LD_RUNPATH_SEARCH_PATHS = "$(inherited) @executable_path/Frameworks";
				PRODUCT_NAME = "$(TARGET_NAME)";
			};
			name = Release;
		};
		0A1FE3FF1B7B7DA80062A30E /* Debug */ = {
			isa = XCBuildConfiguration;
			buildSettings = {
				BUNDLE_LOADER = "$(TEST_HOST)";
				FRAMEWORK_SEARCH_PATHS = (
					"$(SDKROOT)/Developer/Library/Frameworks",
					"$(inherited)",
				);
				GCC_PREPROCESSOR_DEFINITIONS = (
					"DEBUG=1",
					"$(inherited)",
				);
				INFOPLIST_FILE = WildcatConnectGITTestTests/Info.plist;
				LD_RUNPATH_SEARCH_PATHS = "$(inherited) @executable_path/Frameworks @loader_path/Frameworks";
				PRODUCT_NAME = "$(TARGET_NAME)";
				TEST_HOST = "$(BUILT_PRODUCTS_DIR)/WildcatConnectGITTest.app/WildcatConnectGITTest";
			};
			name = Debug;
		};
		0A1FE4001B7B7DA80062A30E /* Release */ = {
			isa = XCBuildConfiguration;
			buildSettings = {
				BUNDLE_LOADER = "$(TEST_HOST)";
				FRAMEWORK_SEARCH_PATHS = (
					"$(SDKROOT)/Developer/Library/Frameworks",
					"$(inherited)",
				);
				INFOPLIST_FILE = WildcatConnectGITTestTests/Info.plist;
				LD_RUNPATH_SEARCH_PATHS = "$(inherited) @executable_path/Frameworks @loader_path/Frameworks";
				PRODUCT_NAME = "$(TARGET_NAME)";
				TEST_HOST = "$(BUILT_PRODUCTS_DIR)/WildcatConnectGITTest.app/WildcatConnectGITTest";
			};
			name = Release;
		};
/* End XCBuildConfiguration section */

/* Begin XCConfigurationList section */
		0A1FE3D01B7B7DA80062A30E /* Build configuration list for PBXProject "WildcatConnectGITTest" */ = {
			isa = XCConfigurationList;
			buildConfigurations = (
				0A1FE3F91B7B7DA80062A30E /* Debug */,
				0A1FE3FA1B7B7DA80062A30E /* Release */,
			);
			defaultConfigurationIsVisible = 0;
			defaultConfigurationName = Release;
		};
		0A1FE3FB1B7B7DA80062A30E /* Build configuration list for PBXNativeTarget "WildcatConnectGITTest" */ = {
			isa = XCConfigurationList;
			buildConfigurations = (
				0A1FE3FC1B7B7DA80062A30E /* Debug */,
				0A1FE3FD1B7B7DA80062A30E /* Release */,
			);
			defaultConfigurationIsVisible = 0;
			defaultConfigurationName = Release;
		};
		0A1FE3FE1B7B7DA80062A30E /* Build configuration list for PBXNativeTarget "WildcatConnectGITTestTests" */ = {
			isa = XCConfigurationList;
			buildConfigurations = (
				0A1FE3FF1B7B7DA80062A30E /* Debug */,
				0A1FE4001B7B7DA80062A30E /* Release */,
			);
			defaultConfigurationIsVisible = 0;
			defaultConfigurationName = Release;
		};
/* End XCConfigurationList section */
	};
	rootObject = 0A1FE3CD1B7B7DA80062A30E /* Project object */;
}
